
Microsoft Visual Studio Solution File, Format Version 12.00
# Visual Studio Version 17
VisualStudioVersion = 17.10.35027.167
MinimumVisualStudioVersion = 10.0.40219.1
Project("{9A19103F-16F7-4668-BE54-9A1E7A4F7556}") = "WebApplication1", "WebApplication1\WebApplication1.csproj", "{02C83CCF-3AB0-443F-8F0D-7927328ECE85}"
EndProject
Project("{9A19103F-16F7-4668-BE54-9A1E7A4F7556}") = "PdfSharp", "D:\PDFSharpLib\empira\PDFsharp\src\foundation\src\PDFsharp\src\PdfSharp\PdfSharp.csproj", "{2E679E81-B585-4819-A921-7A94DE27818B}"
EndProject
Project("{9A19103F-16F7-4668-BE54-9A1E7A4F7556}") = "PdfSharp.System", "D:\PDFSharpLib\empira\PDFsharp\src\foundation\src\shared\src\PdfSharp.System\PdfSharp.System.csproj", "{69641CFF-9AEC-4D01-A5F2-F6BEECB7EE52}"
EndProject
Global
	GlobalSection(SolutionConfigurationPlatforms) = preSolution
		Debug|Any CPU = Debug|Any CPU
		Release|Any CPU = Release|Any CPU
	EndGlobalSection
	GlobalSection(ProjectConfigurationPlatforms) = postSolution
		{02C83CCF-3AB0-443F-8F0D-7927328ECE85}.Debug|Any CPU.ActiveCfg = Debug|Any CPU
		{02C83CCF-3AB0-443F-8F0D-7927328ECE85}.Debug|Any CPU.Build.0 = Debug|Any CPU
		{02C83CCF-3AB0-443F-8F0D-7927328ECE85}.Release|Any CPU.ActiveCfg = Release|Any CPU
		{02C83CCF-3AB0-443F-8F0D-7927328ECE85}.Release|Any CPU.Build.0 = Release|Any CPU
		{2E679E81-B585-4819-A921-7A94DE27818B}.Debug|Any CPU.ActiveCfg = Debug|Any CPU
		{2E679E81-B585-4819-A921-7A94DE27818B}.Debug|Any CPU.Build.0 = Debug|Any CPU
		{2E679E81-B585-4819-A921-7A94DE27818B}.Release|Any CPU.ActiveCfg = Release|Any CPU
		{2E679E81-B585-4819-A921-7A94DE27818B}.Release|Any CPU.Build.0 = Release|Any CPU
		{69641CFF-9AEC-4D01-A5F2-F6BEECB7EE52}.Debug|Any CPU.ActiveCfg = Debug|Any CPU
		{69641CFF-9AEC-4D01-A5F2-F6BEECB7EE52}.Debug|Any CPU.Build.0 = Debug|Any CPU
		{69641CFF-9AEC-4D01-A5F2-F6BEECB7EE52}.Release|Any CPU.ActiveCfg = Release|Any CPU
		{69641CFF-9AEC-4D01-A5F2-F6BEECB7EE52}.Release|Any CPU.Build.0 = Release|Any CPU
	EndGlobalSection
	GlobalSection(SolutionProperties) = preSolution
		HideSolutionNode = FALSE
	EndGlobalSection
	GlobalSection(ExtensibilityGlobals) = postSolution
		SolutionGuid = {85B77013-F525-467D-9024-AB6E0AD30C56}
	EndGlobalSection
EndGlobal
